// !$*UTF8*$!
{
	archiveVersion = 1;
	classes = {
	};
	objectVersion = 55;
	objects = {

/* Begin PBXBuildFile section */
		4AC0167227511264009D8E63 /* SwiftUIChatDemoApp.swift in Sources */ = {isa = PBXBuildFile; fileRef = 4AC0167127511264009D8E63 /* SwiftUIChatDemoApp.swift */; };
		4AC0167427511264009D8E63 /* ContentView.swift in Sources */ = {isa = PBXBuildFile; fileRef = 4AC0167327511264009D8E63 /* ContentView.swift */; };
		4AC0167627511264009D8E63 /* Assets.xcassets in Resources */ = {isa = PBXBuildFile; fileRef = 4AC0167527511264009D8E63 /* Assets.xcassets */; };
		4AC0167927511264009D8E63 /* Preview Assets.xcassets in Resources */ = {isa = PBXBuildFile; fileRef = 4AC0167827511264009D8E63 /* Preview Assets.xcassets */; };
		4AC0168327511265009D8E63 /* SwiftUIChatDemoTests.swift in Sources */ = {isa = PBXBuildFile; fileRef = 4AC0168227511265009D8E63 /* SwiftUIChatDemoTests.swift */; };
		4AC0168D27511265009D8E63 /* SwiftUIChatDemoUITests.swift in Sources */ = {isa = PBXBuildFile; fileRef = 4AC0168C27511265009D8E63 /* SwiftUIChatDemoUITests.swift */; };
		4AC0168F27511265009D8E63 /* SwiftUIChatDemoUITestsLaunchTests.swift in Sources */ = {isa = PBXBuildFile; fileRef = 4AC0168E27511265009D8E63 /* SwiftUIChatDemoUITestsLaunchTests.swift */; };
		4AC0169D2751130A009D8E63 /* StreamChatSwiftUI in Frameworks */ = {isa = PBXBuildFile; productRef = 4AC0169C2751130A009D8E63 /* StreamChatSwiftUI */; };
/* End PBXBuildFile section */

/* Begin PBXContainerItemProxy section */
		4AC0167F27511265009D8E63 /* PBXContainerItemProxy */ = {
			isa = PBXContainerItemProxy;
			containerPortal = 4AC0166627511264009D8E63 /* Project object */;
			proxyType = 1;
			remoteGlobalIDString = 4AC0166D27511264009D8E63;
			remoteInfo = SwiftUIChatDemo;
		};
		4AC0168927511265009D8E63 /* PBXContainerItemProxy */ = {
			isa = PBXContainerItemProxy;
			containerPortal = 4AC0166627511264009D8E63 /* Project object */;
			proxyType = 1;
			remoteGlobalIDString = 4AC0166D27511264009D8E63;
			remoteInfo = SwiftUIChatDemo;
		};
/* End PBXContainerItemProxy section */

/* Begin PBXFileReference section */
		4AC0166E27511264009D8E63 /* SwiftUIChatDemo.app */ = {isa = PBXFileReference; explicitFileType = wrapper.application; includeInIndex = 0; path = SwiftUIChatDemo.app; sourceTree = BUILT_PRODUCTS_DIR; };
		4AC0167127511264009D8E63 /* SwiftUIChatDemoApp.swift */ = {isa = PBXFileReference; lastKnownFileType = sourcecode.swift; path = SwiftUIChatDemoApp.swift; sourceTree = "<group>"; };
		4AC0167327511264009D8E63 /* ContentView.swift */ = {isa = PBXFileReference; lastKnownFileType = sourcecode.swift; path = ContentView.swift; sourceTree = "<group>"; };
		4AC0167527511264009D8E63 /* Assets.xcassets */ = {isa = PBXFileReference; lastKnownFileType = folder.assetcatalog; path = Assets.xcassets; sourceTree = "<group>"; };
		4AC0167827511264009D8E63 /* Preview Assets.xcassets */ = {isa = PBXFileReference; lastKnownFileType = folder.assetcatalog; path = "Preview Assets.xcassets"; sourceTree = "<group>"; };
		4AC0167E27511264009D8E63 /* SwiftUIChatDemoTests.xctest */ = {isa = PBXFileReference; explicitFileType = wrapper.cfbundle; includeInIndex = 0; path = SwiftUIChatDemoTests.xctest; sourceTree = BUILT_PRODUCTS_DIR; };
		4AC0168227511265009D8E63 /* SwiftUIChatDemoTests.swift */ = {isa = PBXFileReference; lastKnownFileType = sourcecode.swift; path = SwiftUIChatDemoTests.swift; sourceTree = "<group>"; };
		4AC0168827511265009D8E63 /* SwiftUIChatDemoUITests.xctest */ = {isa = PBXFileReference; explicitFileType = wrapper.cfbundle; includeInIndex = 0; path = SwiftUIChatDemoUITests.xctest; sourceTree = BUILT_PRODUCTS_DIR; };
		4AC0168C27511265009D8E63 /* SwiftUIChatDemoUITests.swift */ = {isa = PBXFileReference; lastKnownFileType = sourcecode.swift; path = SwiftUIChatDemoUITests.swift; sourceTree = "<group>"; };
		4AC0168E27511265009D8E63 /* SwiftUIChatDemoUITestsLaunchTests.swift */ = {isa = PBXFileReference; lastKnownFileType = sourcecode.swift; path = SwiftUIChatDemoUITestsLaunchTests.swift; sourceTree = "<group>"; };
/* End PBXFileReference section */

/* Begin PBXFrameworksBuildPhase section */
		4AC0166B27511264009D8E63 /* Frameworks */ = {
			isa = PBXFrameworksBuildPhase;
			buildActionMask = 2147483647;
			files = (
				4AC0169D2751130A009D8E63 /* StreamChatSwiftUI in Frameworks */,
			);
			runOnlyForDeploymentPostprocessing = 0;
		};
		4AC0167B27511264009D8E63 /* Frameworks */ = {
			isa = PBXFrameworksBuildPhase;
			buildActionMask = 2147483647;
			files = (
			);
			runOnlyForDeploymentPostprocessing = 0;
		};
		4AC0168527511265009D8E63 /* Frameworks */ = {
			isa = PBXFrameworksBuildPhase;
			buildActionMask = 2147483647;
			files = (
			);
			runOnlyForDeploymentPostprocessing = 0;
		};
/* End PBXFrameworksBuildPhase section */

/* Begin PBXGroup section */
		4AC0166527511264009D8E63 = {
			isa = PBXGroup;
			children = (
				4AC0167027511264009D8E63 /* SwiftUIChatDemo */,
				4AC0168127511265009D8E63 /* SwiftUIChatDemoTests */,
				4AC0168B27511265009D8E63 /* SwiftUIChatDemoUITests */,
				4AC0166F27511264009D8E63 /* Products */,
			);
			sourceTree = "<group>";
		};
		4AC0166F27511264009D8E63 /* Products */ = {
			isa = PBXGroup;
			children = (
				4AC0166E27511264009D8E63 /* SwiftUIChatDemo.app */,
				4AC0167E27511264009D8E63 /* SwiftUIChatDemoTests.xctest */,
				4AC0168827511265009D8E63 /* SwiftUIChatDemoUITests.xctest */,
			);
			name = Products;
			sourceTree = "<group>";
		};
		4AC0167027511264009D8E63 /* SwiftUIChatDemo */ = {
			isa = PBXGroup;
			children = (
				4AC0167127511264009D8E63 /* SwiftUIChatDemoApp.swift */,
				4AC0167327511264009D8E63 /* ContentView.swift */,
				4AC0167527511264009D8E63 /* Assets.xcassets */,
				4AC0167727511264009D8E63 /* Preview Content */,
			);
			path = SwiftUIChatDemo;
			sourceTree = "<group>";
		};
		4AC0167727511264009D8E63 /* Preview Content */ = {
			isa = PBXGroup;
			children = (
				4AC0167827511264009D8E63 /* Preview Assets.xcassets */,
			);
			path = "Preview Content";
			sourceTree = "<group>";
		};
		4AC0168127511265009D8E63 /* SwiftUIChatDemoTests */ = {
			isa = PBXGroup;
			children = (
				4AC0168227511265009D8E63 /* SwiftUIChatDemoTests.swift */,
			);
			path = SwiftUIChatDemoTests;
			sourceTree = "<group>";
		};
		4AC0168B27511265009D8E63 /* SwiftUIChatDemoUITests */ = {
			isa = PBXGroup;
			children = (
				4AC0168C27511265009D8E63 /* SwiftUIChatDemoUITests.swift */,
				4AC0168E27511265009D8E63 /* SwiftUIChatDemoUITestsLaunchTests.swift */,
			);
			path = SwiftUIChatDemoUITests;
			sourceTree = "<group>";
		};
/* End PBXGroup section */

/* Begin PBXNativeTarget section */
		4AC0166D27511264009D8E63 /* SwiftUIChatDemo */ = {
			isa = PBXNativeTarget;
			buildConfigurationList = 4AC0169227511265009D8E63 /* Build configuration list for PBXNativeTarget "SwiftUIChatDemo" */;
			buildPhases = (
				4AC0166A27511264009D8E63 /* Sources */,
				4AC0166B27511264009D8E63 /* Frameworks */,
				4AC0166C27511264009D8E63 /* Resources */,
			);
			buildRules = (
			);
			dependencies = (
			);
			name = SwiftUIChatDemo;
			packageProductDependencies = (
				4AC0169C2751130A009D8E63 /* StreamChatSwiftUI */,
			);
			productName = SwiftUIChatDemo;
			productReference = 4AC0166E27511264009D8E63 /* SwiftUIChatDemo.app */;
			productType = "com.apple.product-type.application";
		};
		4AC0167D27511264009D8E63 /* SwiftUIChatDemoTests */ = {
			isa = PBXNativeTarget;
			buildConfigurationList = 4AC0169527511265009D8E63 /* Build configuration list for PBXNativeTarget "SwiftUIChatDemoTests" */;
			buildPhases = (
				4AC0167A27511264009D8E63 /* Sources */,
				4AC0167B27511264009D8E63 /* Frameworks */,
				4AC0167C27511264009D8E63 /* Resources */,
			);
			buildRules = (
			);
			dependencies = (
				4AC0168027511265009D8E63 /* PBXTargetDependency */,
			);
			name = SwiftUIChatDemoTests;
			productName = SwiftUIChatDemoTests;
			productReference = 4AC0167E27511264009D8E63 /* SwiftUIChatDemoTests.xctest */;
			productType = "com.apple.product-type.bundle.unit-test";
		};
		4AC0168727511265009D8E63 /* SwiftUIChatDemoUITests */ = {
			isa = PBXNativeTarget;
			buildConfigurationList = 4AC0169827511265009D8E63 /* Build configuration list for PBXNativeTarget "SwiftUIChatDemoUITests" */;
			buildPhases = (
				4AC0168427511265009D8E63 /* Sources */,
				4AC0168527511265009D8E63 /* Frameworks */,
				4AC0168627511265009D8E63 /* Resources */,
			);
			buildRules = (
			);
			dependencies = (
				4AC0168A27511265009D8E63 /* PBXTargetDependency */,
			);
			name = SwiftUIChatDemoUITests;
			productName = SwiftUIChatDemoUITests;
			productReference = 4AC0168827511265009D8E63 /* SwiftUIChatDemoUITests.xctest */;
			productType = "com.apple.product-type.bundle.ui-testing";
		};
/* End PBXNativeTarget section */

/* Begin PBXProject section */
		4AC0166627511264009D8E63 /* Project object */ = {
			isa = PBXProject;
			attributes = {
				BuildIndependentTargetsInParallel = 1;
				LastSwiftUpdateCheck = 1310;
				LastUpgradeCheck = 1310;
				TargetAttributes = {
					4AC0166D27511264009D8E63 = {
						CreatedOnToolsVersion = 13.1;
					};
					4AC0167D27511264009D8E63 = {
						CreatedOnToolsVersion = 13.1;
						TestTargetID = 4AC0166D27511264009D8E63;
					};
					4AC0168727511265009D8E63 = {
						CreatedOnToolsVersion = 13.1;
						TestTargetID = 4AC0166D27511264009D8E63;
					};
				};
			};
			buildConfigurationList = 4AC0166927511264009D8E63 /* Build configuration list for PBXProject "SwiftUIChatDemo" */;
			compatibilityVersion = "Xcode 13.0";
			developmentRegion = en;
			hasScannedForEncodings = 0;
			knownRegions = (
				en,
				Base,
			);
			mainGroup = 4AC0166527511264009D8E63;
			packageReferences = (
				4AC0169B2751130A009D8E63 /* XCRemoteSwiftPackageReference "stream-chat-swiftui" */,
			);
			productRefGroup = 4AC0166F27511264009D8E63 /* Products */;
			projectDirPath = "";
			projectRoot = "";
			targets = (
				4AC0166D27511264009D8E63 /* SwiftUIChatDemo */,
				4AC0167D27511264009D8E63 /* SwiftUIChatDemoTests */,
				4AC0168727511265009D8E63 /* SwiftUIChatDemoUITests */,
			);
		};
/* End PBXProject section */

/* Begin PBXResourcesBuildPhase section */
		4AC0166C27511264009D8E63 /* Resources */ = {
			isa = PBXResourcesBuildPhase;
			buildActionMask = 2147483647;
			files = (
				4AC0167927511264009D8E63 /* Preview Assets.xcassets in Resources */,
				4AC0167627511264009D8E63 /* Assets.xcassets in Resources */,
			);
			runOnlyForDeploymentPostprocessing = 0;
		};
		4AC0167C27511264009D8E63 /* Resources */ = {
			isa = PBXResourcesBuildPhase;
			buildActionMask = 2147483647;
			files = (
			);
			runOnlyForDeploymentPostprocessing = 0;
		};
		4AC0168627511265009D8E63 /* Resources */ = {
			isa = PBXResourcesBuildPhase;
			buildActionMask = 2147483647;
			files = (
			);
			runOnlyForDeploymentPostprocessing = 0;
		};
/* End PBXResourcesBuildPhase section */

/* Begin PBXSourcesBuildPhase section */
		4AC0166A27511264009D8E63 /* Sources */ = {
			isa = PBXSourcesBuildPhase;
			buildActionMask = 2147483647;
			files = (
				4AC0167427511264009D8E63 /* ContentView.swift in Sources */,
				4AC0167227511264009D8E63 /* SwiftUIChatDemoApp.swift in Sources */,
			);
			runOnlyForDeploymentPostprocessing = 0;
		};
		4AC0167A27511264009D8E63 /* Sources */ = {
			isa = PBXSourcesBuildPhase;
			buildActionMask = 2147483647;
			files = (
				4AC0168327511265009D8E63 /* SwiftUIChatDemoTests.swift in Sources */,
			);
			runOnlyForDeploymentPostprocessing = 0;
		};
		4AC0168427511265009D8E63 /* Sources */ = {
			isa = PBXSourcesBuildPhase;
			buildActionMask = 2147483647;
			files = (
				4AC0168D27511265009D8E63 /* SwiftUIChatDemoUITests.swift in Sources */,
				4AC0168F27511265009D8E63 /* SwiftUIChatDemoUITestsLaunchTests.swift in Sources */,
			);
			runOnlyForDeploymentPostprocessing = 0;
		};
/* End PBXSourcesBuildPhase section */

/* Begin PBXTargetDependency section */
		4AC0168027511265009D8E63 /* PBXTargetDependency */ = {
			isa = PBXTargetDependency;
			target = 4AC0166D27511264009D8E63 /* SwiftUIChatDemo */;
			targetProxy = 4AC0167F27511265009D8E63 /* PBXContainerItemProxy */;
		};
		4AC0168A27511265009D8E63 /* PBXTargetDependency */ = {
			isa = PBXTargetDependency;
			target = 4AC0166D27511264009D8E63 /* SwiftUIChatDemo */;
			targetProxy = 4AC0168927511265009D8E63 /* PBXContainerItemProxy */;
		};
/* End PBXTargetDependency section */

/* Begin XCBuildConfiguration section */
		4AC0169027511265009D8E63 /* Debug */ = {
			isa = XCBuildConfiguration;
			buildSettings = {
				ALWAYS_SEARCH_USER_PATHS = NO;
				CLANG_ANALYZER_NONNULL = YES;
				CLANG_ANALYZER_NUMBER_OBJECT_CONVERSION = YES_AGGRESSIVE;
				CLANG_CXX_LANGUAGE_STANDARD = "gnu++17";
				CLANG_CXX_LIBRARY = "libc++";
				CLANG_ENABLE_MODULES = YES;
				CLANG_ENABLE_OBJC_ARC = YES;
				CLANG_ENABLE_OBJC_WEAK = YES;
				CLANG_WARN_BLOCK_CAPTURE_AUTORELEASING = YES;
				CLANG_WARN_BOOL_CONVERSION = YES;
				CLANG_WARN_COMMA = YES;
				CLANG_WARN_CONSTANT_CONVERSION = YES;
				CLANG_WARN_DEPRECATED_OBJC_IMPLEMENTATIONS = YES;
				CLANG_WARN_DIRECT_OBJC_ISA_USAGE = YES_ERROR;
				CLANG_WARN_DOCUMENTATION_COMMENTS = YES;
				CLANG_WARN_EMPTY_BODY = YES;
				CLANG_WARN_ENUM_CONVERSION = YES;
				CLANG_WARN_INFINITE_RECURSION = YES;
				CLANG_WARN_INT_CONVERSION = YES;
				CLANG_WARN_NON_LITERAL_NULL_CONVERSION = YES;
				CLANG_WARN_OBJC_IMPLICIT_RETAIN_SELF = YES;
				CLANG_WARN_OBJC_LITERAL_CONVERSION = YES;
				CLANG_WARN_OBJC_ROOT_CLASS = YES_ERROR;
				CLANG_WARN_QUOTED_INCLUDE_IN_FRAMEWORK_HEADER = YES;
				CLANG_WARN_RANGE_LOOP_ANALYSIS = YES;
				CLANG_WARN_STRICT_PROTOTYPES = YES;
				CLANG_WARN_SUSPICIOUS_MOVE = YES;
				CLANG_WARN_UNGUARDED_AVAILABILITY = YES_AGGRESSIVE;
				CLANG_WARN_UNREACHABLE_CODE = YES;
				CLANG_WARN__DUPLICATE_METHOD_MATCH = YES;
				COPY_PHASE_STRIP = NO;
				DEBUG_INFORMATION_FORMAT = dwarf;
				ENABLE_STRICT_OBJC_MSGSEND = YES;
				ENABLE_TESTABILITY = YES;
				GCC_C_LANGUAGE_STANDARD = gnu11;
				GCC_DYNAMIC_NO_PIC = NO;
				GCC_NO_COMMON_BLOCKS = YES;
				GCC_OPTIMIZATION_LEVEL = 0;
				GCC_PREPROCESSOR_DEFINITIONS = (
					"DEBUG=1",
					"$(inherited)",
				);
				GCC_WARN_64_TO_32_BIT_CONVERSION = YES;
				GCC_WARN_ABOUT_RETURN_TYPE = YES_ERROR;
				GCC_WARN_UNDECLARED_SELECTOR = YES;
				GCC_WARN_UNINITIALIZED_AUTOS = YES_AGGRESSIVE;
				GCC_WARN_UNUSED_FUNCTION = YES;
				GCC_WARN_UNUSED_VARIABLE = YES;
				IPHONEOS_DEPLOYMENT_TARGET = 15.0;
				MTL_ENABLE_DEBUG_INFO = INCLUDE_SOURCE;
				MTL_FAST_MATH = YES;
				ONLY_ACTIVE_ARCH = YES;
				SDKROOT = iphoneos;
				SWIFT_ACTIVE_COMPILATION_CONDITIONS = DEBUG;
				SWIFT_OPTIMIZATION_LEVEL = "-Onone";
			};
			name = Debug;
		};
		4AC0169127511265009D8E63 /* Release */ = {
			isa = XCBuildConfiguration;
			buildSettings = {
				ALWAYS_SEARCH_USER_PATHS = NO;
				CLANG_ANALYZER_NONNULL = YES;
				CLANG_ANALYZER_NUMBER_OBJECT_CONVERSION = YES_AGGRESSIVE;
				CLANG_CXX_LANGUAGE_STANDARD = "gnu++17";
				CLANG_CXX_LIBRARY = "libc++";
				CLANG_ENABLE_MODULES = YES;
				CLANG_ENABLE_OBJC_ARC = YES;
				CLANG_ENABLE_OBJC_WEAK = YES;
				CLANG_WARN_BLOCK_CAPTURE_AUTORELEASING = YES;
				CLANG_WARN_BOOL_CONVERSION = YES;
				CLANG_WARN_COMMA = YES;
				CLANG_WARN_CONSTANT_CONVERSION = YES;
				CLANG_WARN_DEPRECATED_OBJC_IMPLEMENTATIONS = YES;
				CLANG_WARN_DIRECT_OBJC_ISA_USAGE = YES_ERROR;
				CLANG_WARN_DOCUMENTATION_COMMENTS = YES;
				CLANG_WARN_EMPTY_BODY = YES;
				CLANG_WARN_ENUM_CONVERSION = YES;
				CLANG_WARN_INFINITE_RECURSION = YES;
				CLANG_WARN_INT_CONVERSION = YES;
				CLANG_WARN_NON_LITERAL_NULL_CONVERSION = YES;
				CLANG_WARN_OBJC_IMPLICIT_RETAIN_SELF = YES;
				CLANG_WARN_OBJC_LITERAL_CONVERSION = YES;
				CLANG_WARN_OBJC_ROOT_CLASS = YES_ERROR;
				CLANG_WARN_QUOTED_INCLUDE_IN_FRAMEWORK_HEADER = YES;
				CLANG_WARN_RANGE_LOOP_ANALYSIS = YES;
				CLANG_WARN_STRICT_PROTOTYPES = YES;
				CLANG_WARN_SUSPICIOUS_MOVE = YES;
				CLANG_WARN_UNGUARDED_AVAILABILITY = YES_AGGRESSIVE;
				CLANG_WARN_UNREACHABLE_CODE = YES;
				CLANG_WARN__DUPLICATE_METHOD_MATCH = YES;
				COPY_PHASE_STRIP = NO;
				DEBUG_INFORMATION_FORMAT = "dwarf-with-dsym";
				ENABLE_NS_ASSERTIONS = NO;
				ENABLE_STRICT_OBJC_MSGSEND = YES;
				GCC_C_LANGUAGE_STANDARD = gnu11;
				GCC_NO_COMMON_BLOCKS = YES;
				GCC_WARN_64_TO_32_BIT_CONVERSION = YES;
				GCC_WARN_ABOUT_RETURN_TYPE = YES_ERROR;
				GCC_WARN_UNDECLARED_SELECTOR = YES;
				GCC_WARN_UNINITIALIZED_AUTOS = YES_AGGRESSIVE;
				GCC_WARN_UNUSED_FUNCTION = YES;
				GCC_WARN_UNUSED_VARIABLE = YES;
				IPHONEOS_DEPLOYMENT_TARGET = 15.0;
				MTL_ENABLE_DEBUG_INFO = NO;
				MTL_FAST_MATH = YES;
				SDKROOT = iphoneos;
				SWIFT_COMPILATION_MODE = wholemodule;
				SWIFT_OPTIMIZATION_LEVEL = "-O";
				VALIDATE_PRODUCT = YES;
			};
			name = Release;
		};
		4AC0169327511265009D8E63 /* Debug */ = {
			isa = XCBuildConfiguration;
			buildSettings = {
				ASSETCATALOG_COMPILER_APPICON_NAME = AppIcon;
				ASSETCATALOG_COMPILER_GLOBAL_ACCENT_COLOR_NAME = AccentColor;
				CODE_SIGN_STYLE = Automatic;
				CURRENT_PROJECT_VERSION = 1;
				DEVELOPMENT_ASSET_PATHS = "\"SwiftUIChatDemo/Preview Content\"";
				DEVELOPMENT_TEAM = EHV7XZLAHA;
				ENABLE_PREVIEWS = YES;
				GENERATE_INFOPLIST_FILE = YES;
				INFOPLIST_KEY_UIApplicationSceneManifest_Generation = YES;
				INFOPLIST_KEY_UIApplicationSupportsIndirectInputEvents = YES;
				INFOPLIST_KEY_UILaunchScreen_Generation = YES;
				INFOPLIST_KEY_UISupportedInterfaceOrientations_iPad = "UIInterfaceOrientationPortrait UIInterfaceOrientationPortraitUpsideDown UIInterfaceOrientationLandscapeLeft UIInterfaceOrientationLandscapeRight";
				INFOPLIST_KEY_UISupportedInterfaceOrientations_iPhone = "UIInterfaceOrientationPortrait UIInterfaceOrientationLandscapeLeft UIInterfaceOrientationLandscapeRight";
				LD_RUNPATH_SEARCH_PATHS = (
					"$(inherited)",
					"@executable_path/Frameworks",
				);
				MARKETING_VERSION = 1.0;
				PRODUCT_BUNDLE_IDENTIFIER = getstream.io.SwiftUIChatDemo;
				PRODUCT_NAME = "$(TARGET_NAME)";
				SWIFT_EMIT_LOC_STRINGS = YES;
				SWIFT_VERSION = 5.0;
				TARGETED_DEVICE_FAMILY = "1,2";
			};
			name = Debug;
		};
		4AC0169427511265009D8E63 /* Release */ = {
			isa = XCBuildConfiguration;
			buildSettings = {
				ASSETCATALOG_COMPILER_APPICON_NAME = AppIcon;
				ASSETCATALOG_COMPILER_GLOBAL_ACCENT_COLOR_NAME = AccentColor;
				CODE_SIGN_STYLE = Automatic;
				CURRENT_PROJECT_VERSION = 1;
				DEVELOPMENT_ASSET_PATHS = "\"SwiftUIChatDemo/Preview Content\"";
				DEVELOPMENT_TEAM = EHV7XZLAHA;
				ENABLE_PREVIEWS = YES;
				GENERATE_INFOPLIST_FILE = YES;
				INFOPLIST_KEY_UIApplicationSceneManifest_Generation = YES;
				INFOPLIST_KEY_UIApplicationSupportsIndirectInputEvents = YES;
				INFOPLIST_KEY_UILaunchScreen_Generation = YES;
				INFOPLIST_KEY_UISupportedInterfaceOrientations_iPad = "UIInterfaceOrientationPortrait UIInterfaceOrientationPortraitUpsideDown UIInterfaceOrientationLandscapeLeft UIInterfaceOrientationLandscapeRight";
				INFOPLIST_KEY_UISupportedInterfaceOrientations_iPhone = "UIInterfaceOrientationPortrait UIInterfaceOrientationLandscapeLeft UIInterfaceOrientationLandscapeRight";
				LD_RUNPATH_SEARCH_PATHS = (
					"$(inherited)",
					"@executable_path/Frameworks",
				);
				MARKETING_VERSION = 1.0;
				PRODUCT_BUNDLE_IDENTIFIER = getstream.io.SwiftUIChatDemo;
				PRODUCT_NAME = "$(TARGET_NAME)";
				SWIFT_EMIT_LOC_STRINGS = YES;
				SWIFT_VERSION = 5.0;
				TARGETED_DEVICE_FAMILY = "1,2";
			};
			name = Release;
		};
		4AC0169627511265009D8E63 /* Debug */ = {
			isa = XCBuildConfiguration;
			buildSettings = {
				ALWAYS_EMBED_SWIFT_STANDARD_LIBRARIES = YES;
				BUNDLE_LOADER = "$(TEST_HOST)";
				CODE_SIGN_STYLE = Automatic;
				CURRENT_PROJECT_VERSION = 1;
				DEVELOPMENT_TEAM = EHV7XZLAHA;
				GENERATE_INFOPLIST_FILE = YES;
				IPHONEOS_DEPLOYMENT_TARGET = 15.0;
				LD_RUNPATH_SEARCH_PATHS = (
					"$(inherited)",
					"@executable_path/Frameworks",
					"@loader_path/Frameworks",
				);
				MARKETING_VERSION = 1.0;
				PRODUCT_BUNDLE_IDENTIFIER = getstream.io.SwiftUIChatDemoTests;
				PRODUCT_NAME = "$(TARGET_NAME)";
				SWIFT_EMIT_LOC_STRINGS = NO;
				SWIFT_VERSION = 5.0;
				TARGETED_DEVICE_FAMILY = "1,2";
				TEST_HOST = "$(BUILT_PRODUCTS_DIR)/SwiftUIChatDemo.app/SwiftUIChatDemo";
			};
			name = Debug;
		};
		4AC0169727511265009D8E63 /* Release */ = {
			isa = XCBuildConfiguration;
			buildSettings = {
				ALWAYS_EMBED_SWIFT_STANDARD_LIBRARIES = YES;
				BUNDLE_LOADER = "$(TEST_HOST)";
				CODE_SIGN_STYLE = Automatic;
				CURRENT_PROJECT_VERSION = 1;
				DEVELOPMENT_TEAM = EHV7XZLAHA;
				GENERATE_INFOPLIST_FILE = YES;
				IPHONEOS_DEPLOYMENT_TARGET = 15.0;
				LD_RUNPATH_SEARCH_PATHS = (
					"$(inherited)",
					"@executable_path/Frameworks",
					"@loader_path/Frameworks",
				);
				MARKETING_VERSION = 1.0;
				PRODUCT_BUNDLE_IDENTIFIER = getstream.io.SwiftUIChatDemoTests;
				PRODUCT_NAME = "$(TARGET_NAME)";
				SWIFT_EMIT_LOC_STRINGS = NO;
				SWIFT_VERSION = 5.0;
				TARGETED_DEVICE_FAMILY = "1,2";
				TEST_HOST = "$(BUILT_PRODUCTS_DIR)/SwiftUIChatDemo.app/SwiftUIChatDemo";
			};
			name = Release;
		};
		4AC0169927511265009D8E63 /* Debug */ = {
			isa = XCBuildConfiguration;
			buildSettings = {
				ALWAYS_EMBED_SWIFT_STANDARD_LIBRARIES = YES;
				CODE_SIGN_STYLE = Automatic;
				CURRENT_PROJECT_VERSION = 1;
				DEVELOPMENT_TEAM = EHV7XZLAHA;
				GENERATE_INFOPLIST_FILE = YES;
				LD_RUNPATH_SEARCH_PATHS = (
					"$(inherited)",
					"@executable_path/Frameworks",
					"@loader_path/Frameworks",
				);
				MARKETING_VERSION = 1.0;
				PRODUCT_BUNDLE_IDENTIFIER = getstream.io.SwiftUIChatDemoUITests;
				PRODUCT_NAME = "$(TARGET_NAME)";
				SWIFT_EMIT_LOC_STRINGS = NO;
				SWIFT_VERSION = 5.0;
				TARGETED_DEVICE_FAMILY = "1,2";
				TEST_TARGET_NAME = SwiftUIChatDemo;
			};
			name = Debug;
		};
		4AC0169A27511265009D8E63 /* Release */ = {
			isa = XCBuildConfiguration;
			buildSettings = {
				ALWAYS_EMBED_SWIFT_STANDARD_LIBRARIES = YES;
				CODE_SIGN_STYLE = Automatic;
				CURRENT_PROJECT_VERSION = 1;
				DEVELOPMENT_TEAM = EHV7XZLAHA;
				GENERATE_INFOPLIST_FILE = YES;
				LD_RUNPATH_SEARCH_PATHS = (
					"$(inherited)",
					"@executable_path/Frameworks",
					"@loader_path/Frameworks",
				);
				MARKETING_VERSION = 1.0;
				PRODUCT_BUNDLE_IDENTIFIER = getstream.io.SwiftUIChatDemoUITests;
				PRODUCT_NAME = "$(TARGET_NAME)";
				SWIFT_EMIT_LOC_STRINGS = NO;
				SWIFT_VERSION = 5.0;
				TARGETED_DEVICE_FAMILY = "1,2";
				TEST_TARGET_NAME = SwiftUIChatDemo;
			};
			name = Release;
		};
/* End XCBuildConfiguration section */

/* Begin XCConfigurationList section */
		4AC0166927511264009D8E63 /* Build configuration list for PBXProject "SwiftUIChatDemo" */ = {
			isa = XCConfigurationList;
			buildConfigurations = (
				4AC0169027511265009D8E63 /* Debug */,
				4AC0169127511265009D8E63 /* Release */,
			);
			defaultConfigurationIsVisible = 0;
			defaultConfigurationName = Release;
		};
		4AC0169227511265009D8E63 /* Build configuration list for PBXNativeTarget "SwiftUIChatDemo" */ = {
			isa = XCConfigurationList;
			buildConfigurations = (
				4AC0169327511265009D8E63 /* Debug */,
				4AC0169427511265009D8E63 /* Release */,
			);
			defaultConfigurationIsVisible = 0;
			defaultConfigurationName = Release;
		};
		4AC0169527511265009D8E63 /* Build configuration list for PBXNativeTarget "SwiftUIChatDemoTests" */ = {
			isa = XCConfigurationList;
			buildConfigurations = (
				4AC0169627511265009D8E63 /* Debug */,
				4AC0169727511265009D8E63 /* Release */,
			);
			defaultConfigurationIsVisible = 0;
			defaultConfigurationName = Release;
		};
		4AC0169827511265009D8E63 /* Build configuration list for PBXNativeTarget "SwiftUIChatDemoUITests" */ = {
			isa = XCConfigurationList;
			buildConfigurations = (
				4AC0169927511265009D8E63 /* Debug */,
				4AC0169A27511265009D8E63 /* Release */,
			);
			defaultConfigurationIsVisible = 0;
			defaultConfigurationName = Release;
		};
/* End XCConfigurationList section */

/* Begin XCRemoteSwiftPackageReference section */
		4AC0169B2751130A009D8E63 /* XCRemoteSwiftPackageReference "stream-chat-swiftui" */ = {
			isa = XCRemoteSwiftPackageReference;
			repositoryURL = "https://github.com/getstream/stream-chat-swiftui";
			requirement = {
				branch = main;
				kind = branch;
			};
		};
/* End XCRemoteSwiftPackageReference section */

/* Begin XCSwiftPackageProductDependency section */
		4AC0169C2751130A009D8E63 /* StreamChatSwiftUI */ = {
			isa = XCSwiftPackageProductDependency;
			package = 4AC0169B2751130A009D8E63 /* XCRemoteSwiftPackageReference "stream-chat-swiftui" */;
			productName = StreamChatSwiftUI;
		};
/* End XCSwiftPackageProductDependency section */
	};
	rootObject = 4AC0166627511264009D8E63 /* Project object */;
}
